
Microsoft Visual Studio Solution File, Format Version 12.00
# Visual Studio Version 16
VisualStudioVersion = 16.0.31729.503
MinimumVisualStudioVersion = 10.0.40219.1
Project("{FAE04EC0-301F-11D3-BF4B-00C04F79EFBC}") = "kamion_oop_form", "kamion_oop_form.csproj", "{2890F4C4-DCDF-4C2B-812D-A475E9AB770D}"
EndProject
Global
	GlobalSection(SolutionConfigurationPlatforms) = preSolution
		Debug|Any CPU = Debug|Any CPU
		Release|Any CPU = Release|Any CPU
	EndGlobalSection
	GlobalSection(ProjectConfigurationPlatforms) = postSolution
		{2890F4C4-DCDF-4C2B-812D-A475E9AB770D}.Debug|Any CPU.ActiveCfg = Debug|Any CPU
		{2890F4C4-DCDF-4C2B-812D-A475E9AB770D}.Debug|Any CPU.Build.0 = Debug|Any CPU
		{2890F4C4-DCDF-4C2B-812D-A475E9AB770D}.Release|Any CPU.ActiveCfg = Release|Any CPU
		{2890F4C4-DCDF-4C2B-812D-A475E9AB770D}.Release|Any CPU.Build.0 = Release|Any CPU
	EndGlobalSection
	GlobalSection(SolutionProperties) = preSolution
		HideSolutionNode = FALSE
	EndGlobalSection
	GlobalSection(ExtensibilityGlobals) = postSolution
		SolutionGuid = {23A1C867-4D90-444D-B811-2C817A1205EF}
	EndGlobalSection
EndGlobal
